// !$*UTF8*$!
{
	archiveVersion = 1;
	classes = {
	};
	objectVersion = 50;
	objects = {

/* Begin PBXBuildFile section */
		798B2DB42094F08A006E37BB /* AppDelegate.swift in Sources */ = {isa = PBXBuildFile; fileRef = 798B2DB32094F08A006E37BB /* AppDelegate.swift */; };
		798B2DB62094F08A006E37BB /* ViewController.swift in Sources */ = {isa = PBXBuildFile; fileRef = 798B2DB52094F08A006E37BB /* ViewController.swift */; };
		798B2DB92094F08A006E37BB /* Main.storyboard in Resources */ = {isa = PBXBuildFile; fileRef = 798B2DB72094F08A006E37BB /* Main.storyboard */; };
		798B2DBB2094F08C006E37BB /* Assets.xcassets in Resources */ = {isa = PBXBuildFile; fileRef = 798B2DBA2094F08C006E37BB /* Assets.xcassets */; };
		798B2DBE2094F08C006E37BB /* LaunchScreen.storyboard in Resources */ = {isa = PBXBuildFile; fileRef = 798B2DBC2094F08C006E37BB /* LaunchScreen.storyboard */; };
		79A0DF212094F1070003CE88 /* IntentHandler.swift in Sources */ = {isa = PBXBuildFile; fileRef = 79A0DF202094F1070003CE88 /* IntentHandler.swift */; };
		79A0DF2A2094F1070003CE88 /* IntentsUI.framework in Frameworks */ = {isa = PBXBuildFile; fileRef = 79A0DF292094F1070003CE88 /* IntentsUI.framework */; };
		79A0DF2D2094F1070003CE88 /* IntentViewController.swift in Sources */ = {isa = PBXBuildFile; fileRef = 79A0DF2C2094F1070003CE88 /* IntentViewController.swift */; };
		79A0DF302094F1070003CE88 /* MainInterface.storyboard in Resources */ = {isa = PBXBuildFile; fileRef = 79A0DF2E2094F1070003CE88 /* MainInterface.storyboard */; };
		79A0DF342094F1070003CE88 /* BookCarParkIntentUI.appex in Embed App Extensions */ = {isa = PBXBuildFile; fileRef = 79A0DF272094F1070003CE88 /* BookCarParkIntentUI.appex */; settings = {ATTRIBUTES = (RemoveHeadersOnCopy, ); }; };
		79A0DF372094F1070003CE88 /* BookCarParkIntent.appex in Embed App Extensions */ = {isa = PBXBuildFile; fileRef = 79A0DF1E2094F1070003CE88 /* BookCarParkIntent.appex */; settings = {ATTRIBUTES = (RemoveHeadersOnCopy, ); }; };
/* End PBXBuildFile section */

/* Begin PBXContainerItemProxy section */
		79A0DF322094F1070003CE88 /* PBXContainerItemProxy */ = {
			isa = PBXContainerItemProxy;
			containerPortal = 798B2DA82094F08A006E37BB /* Project object */;
			proxyType = 1;
			remoteGlobalIDString = 79A0DF262094F1070003CE88;
			remoteInfo = BookCarParkIntentUI;
		};
		79A0DF352094F1070003CE88 /* PBXContainerItemProxy */ = {
			isa = PBXContainerItemProxy;
			containerPortal = 798B2DA82094F08A006E37BB /* Project object */;
			proxyType = 1;
			remoteGlobalIDString = 79A0DF1D2094F1070003CE88;
			remoteInfo = BookCarParkIntent;
		};
/* End PBXContainerItemProxy section */

/* Begin PBXCopyFilesBuildPhase section */
		79A0DF3E2094F1070003CE88 /* Embed App Extensions */ = {
			isa = PBXCopyFilesBuildPhase;
			buildActionMask = 2147483647;
			dstPath = "";
			dstSubfolderSpec = 13;
			files = (
				79A0DF372094F1070003CE88 /* BookCarParkIntent.appex in Embed App Extensions */,
				79A0DF342094F1070003CE88 /* BookCarParkIntentUI.appex in Embed App Extensions */,
			);
			name = "Embed App Extensions";
			runOnlyForDeploymentPostprocessing = 0;
		};
/* End PBXCopyFilesBuildPhase section */

/* Begin PBXFileReference section */
		798B2DB02094F08A006E37BB /* Owl.app */ = {isa = PBXFileReference; explicitFileType = wrapper.application; includeInIndex = 0; path = Owl.app; sourceTree = BUILT_PRODUCTS_DIR; };
		798B2DB32094F08A006E37BB /* AppDelegate.swift */ = {isa = PBXFileReference; lastKnownFileType = sourcecode.swift; path = AppDelegate.swift; sourceTree = "<group>"; };
		798B2DB52094F08A006E37BB /* ViewController.swift */ = {isa = PBXFileReference; lastKnownFileType = sourcecode.swift; path = ViewController.swift; sourceTree = "<group>"; };
		798B2DB82094F08A006E37BB /* Base */ = {isa = PBXFileReference; lastKnownFileType = file.storyboard; name = Base; path = Base.lproj/Main.storyboard; sourceTree = "<group>"; };
		798B2DBA2094F08C006E37BB /* Assets.xcassets */ = {isa = PBXFileReference; lastKnownFileType = folder.assetcatalog; path = Assets.xcassets; sourceTree = "<group>"; };
		798B2DBD2094F08C006E37BB /* Base */ = {isa = PBXFileReference; lastKnownFileType = file.storyboard; name = Base; path = Base.lproj/LaunchScreen.storyboard; sourceTree = "<group>"; };
		798B2DBF2094F08C006E37BB /* Info.plist */ = {isa = PBXFileReference; lastKnownFileType = text.plist.xml; path = Info.plist; sourceTree = "<group>"; };
		79A0DF1E2094F1070003CE88 /* BookCarParkIntent.appex */ = {isa = PBXFileReference; explicitFileType = "wrapper.app-extension"; includeInIndex = 0; path = BookCarParkIntent.appex; sourceTree = BUILT_PRODUCTS_DIR; };
		79A0DF202094F1070003CE88 /* IntentHandler.swift */ = {isa = PBXFileReference; lastKnownFileType = sourcecode.swift; path = IntentHandler.swift; sourceTree = "<group>"; };
		79A0DF222094F1070003CE88 /* Info.plist */ = {isa = PBXFileReference; lastKnownFileType = text.plist.xml; path = Info.plist; sourceTree = "<group>"; };
		79A0DF272094F1070003CE88 /* BookCarParkIntentUI.appex */ = {isa = PBXFileReference; explicitFileType = "wrapper.app-extension"; includeInIndex = 0; path = BookCarParkIntentUI.appex; sourceTree = BUILT_PRODUCTS_DIR; };
		79A0DF292094F1070003CE88 /* IntentsUI.framework */ = {isa = PBXFileReference; lastKnownFileType = wrapper.framework; name = IntentsUI.framework; path = System/Library/Frameworks/IntentsUI.framework; sourceTree = SDKROOT; };
		79A0DF2C2094F1070003CE88 /* IntentViewController.swift */ = {isa = PBXFileReference; lastKnownFileType = sourcecode.swift; path = IntentViewController.swift; sourceTree = "<group>"; };
		79A0DF2F2094F1070003CE88 /* Base */ = {isa = PBXFileReference; lastKnownFileType = file.storyboard; name = Base; path = Base.lproj/MainInterface.storyboard; sourceTree = "<group>"; };
		79A0DF312094F1070003CE88 /* Info.plist */ = {isa = PBXFileReference; lastKnownFileType = text.plist.xml; path = Info.plist; sourceTree = "<group>"; };
/* End PBXFileReference section */

/* Begin PBXFrameworksBuildPhase section */
		798B2DAD2094F08A006E37BB /* Frameworks */ = {
			isa = PBXFrameworksBuildPhase;
			buildActionMask = 2147483647;
			files = (
			);
			runOnlyForDeploymentPostprocessing = 0;
		};
		79A0DF1B2094F1070003CE88 /* Frameworks */ = {
			isa = PBXFrameworksBuildPhase;
			buildActionMask = 2147483647;
			files = (
			);
			runOnlyForDeploymentPostprocessing = 0;
		};
		79A0DF242094F1070003CE88 /* Frameworks */ = {
			isa = PBXFrameworksBuildPhase;
			buildActionMask = 2147483647;
			files = (
				79A0DF2A2094F1070003CE88 /* IntentsUI.framework in Frameworks */,
			);
			runOnlyForDeploymentPostprocessing = 0;
		};
/* End PBXFrameworksBuildPhase section */

/* Begin PBXGroup section */
		798B2DA72094F08A006E37BB = {
			isa = PBXGroup;
			children = (
				798B2DB22094F08A006E37BB /* Owl */,
				79A0DF1F2094F1070003CE88 /* BookCarParkIntent */,
				79A0DF2B2094F1070003CE88 /* BookCarParkIntentUI */,
				79A0DF282094F1070003CE88 /* Frameworks */,
				798B2DB12094F08A006E37BB /* Products */,
			);
			sourceTree = "<group>";
		};
		798B2DB12094F08A006E37BB /* Products */ = {
			isa = PBXGroup;
			children = (
				798B2DB02094F08A006E37BB /* Owl.app */,
				79A0DF1E2094F1070003CE88 /* BookCarParkIntent.appex */,
				79A0DF272094F1070003CE88 /* BookCarParkIntentUI.appex */,
			);
			name = Products;
			sourceTree = "<group>";
		};
		798B2DB22094F08A006E37BB /* Owl */ = {
			isa = PBXGroup;
			children = (
				798B2DB32094F08A006E37BB /* AppDelegate.swift */,
				798B2DB52094F08A006E37BB /* ViewController.swift */,
				798B2DB72094F08A006E37BB /* Main.storyboard */,
				798B2DBA2094F08C006E37BB /* Assets.xcassets */,
				798B2DBC2094F08C006E37BB /* LaunchScreen.storyboard */,
				798B2DBF2094F08C006E37BB /* Info.plist */,
			);
			path = Owl;
			sourceTree = "<group>";
		};
		79A0DF1F2094F1070003CE88 /* BookCarParkIntent */ = {
			isa = PBXGroup;
			children = (
				79A0DF202094F1070003CE88 /* IntentHandler.swift */,
				79A0DF222094F1070003CE88 /* Info.plist */,
			);
			path = BookCarParkIntent;
			sourceTree = "<group>";
		};
		79A0DF282094F1070003CE88 /* Frameworks */ = {
			isa = PBXGroup;
			children = (
				79A0DF292094F1070003CE88 /* IntentsUI.framework */,
			);
			name = Frameworks;
			sourceTree = "<group>";
		};
		79A0DF2B2094F1070003CE88 /* BookCarParkIntentUI */ = {
			isa = PBXGroup;
			children = (
				79A0DF2C2094F1070003CE88 /* IntentViewController.swift */,
				79A0DF2E2094F1070003CE88 /* MainInterface.storyboard */,
				79A0DF312094F1070003CE88 /* Info.plist */,
			);
			path = BookCarParkIntentUI;
			sourceTree = "<group>";
		};
/* End PBXGroup section */

/* Begin PBXNativeTarget section */
		798B2DAF2094F08A006E37BB /* Owl */ = {
			isa = PBXNativeTarget;
			buildConfigurationList = 798B2DC22094F08C006E37BB /* Build configuration list for PBXNativeTarget "Owl" */;
			buildPhases = (
				798B2DAC2094F08A006E37BB /* Sources */,
				798B2DAD2094F08A006E37BB /* Frameworks */,
				798B2DAE2094F08A006E37BB /* Resources */,
				79A0DF3E2094F1070003CE88 /* Embed App Extensions */,
			);
			buildRules = (
			);
			dependencies = (
				79A0DF332094F1070003CE88 /* PBXTargetDependency */,
				79A0DF362094F1070003CE88 /* PBXTargetDependency */,
			);
			name = Owl;
			productName = Owl;
			productReference = 798B2DB02094F08A006E37BB /* Owl.app */;
			productType = "com.apple.product-type.application";
		};
		79A0DF1D2094F1070003CE88 /* BookCarParkIntent */ = {
			isa = PBXNativeTarget;
			buildConfigurationList = 79A0DF3B2094F1070003CE88 /* Build configuration list for PBXNativeTarget "BookCarParkIntent" */;
			buildPhases = (
				79A0DF1A2094F1070003CE88 /* Sources */,
				79A0DF1B2094F1070003CE88 /* Frameworks */,
				79A0DF1C2094F1070003CE88 /* Resources */,
			);
			buildRules = (
			);
			dependencies = (
			);
			name = BookCarParkIntent;
			productName = BookCarParkIntent;
			productReference = 79A0DF1E2094F1070003CE88 /* BookCarParkIntent.appex */;
			productType = "com.apple.product-type.app-extension";
		};
		79A0DF262094F1070003CE88 /* BookCarParkIntentUI */ = {
			isa = PBXNativeTarget;
			buildConfigurationList = 79A0DF382094F1070003CE88 /* Build configuration list for PBXNativeTarget "BookCarParkIntentUI" */;
			buildPhases = (
				79A0DF232094F1070003CE88 /* Sources */,
				79A0DF242094F1070003CE88 /* Frameworks */,
				79A0DF252094F1070003CE88 /* Resources */,
			);
			buildRules = (
			);
			dependencies = (
			);
			name = BookCarParkIntentUI;
			productName = BookCarParkIntentUI;
			productReference = 79A0DF272094F1070003CE88 /* BookCarParkIntentUI.appex */;
			productType = "com.apple.product-type.app-extension";
		};
/* End PBXNativeTarget section */

/* Begin PBXProject section */
		798B2DA82094F08A006E37BB /* Project object */ = {
			isa = PBXProject;
			attributes = {
				LastSwiftUpdateCheck = 0930;
				LastUpgradeCheck = 0930;
				ORGANIZATIONNAME = "Alexandru Rosianu";
				TargetAttributes = {
					798B2DAF2094F08A006E37BB = {
						CreatedOnToolsVersion = 9.3;
					};
					79A0DF1D2094F1070003CE88 = {
						CreatedOnToolsVersion = 9.3;
					};
					79A0DF262094F1070003CE88 = {
						CreatedOnToolsVersion = 9.3;
					};
				};
			};
			buildConfigurationList = 798B2DAB2094F08A006E37BB /* Build configuration list for PBXProject "Owl" */;
			compatibilityVersion = "Xcode 9.3";
			developmentRegion = en;
			hasScannedForEncodings = 0;
			knownRegions = (
				en,
				Base,
			);
			mainGroup = 798B2DA72094F08A006E37BB;
			productRefGroup = 798B2DB12094F08A006E37BB /* Products */;
			projectDirPath = "";
			projectRoot = "";
			targets = (
				798B2DAF2094F08A006E37BB /* Owl */,
				79A0DF1D2094F1070003CE88 /* BookCarParkIntent */,
				79A0DF262094F1070003CE88 /* BookCarParkIntentUI */,
			);
		};
/* End PBXProject section */

/* Begin PBXResourcesBuildPhase section */
		798B2DAE2094F08A006E37BB /* Resources */ = {
			isa = PBXResourcesBuildPhase;
			buildActionMask = 2147483647;
			files = (
				798B2DBE2094F08C006E37BB /* LaunchScreen.storyboard in Resources */,
				798B2DBB2094F08C006E37BB /* Assets.xcassets in Resources */,
				798B2DB92094F08A006E37BB /* Main.storyboard in Resources */,
			);
			runOnlyForDeploymentPostprocessing = 0;
		};
		79A0DF1C2094F1070003CE88 /* Resources */ = {
			isa = PBXResourcesBuildPhase;
			buildActionMask = 2147483647;
			files = (
			);
			runOnlyForDeploymentPostprocessing = 0;
		};
		79A0DF252094F1070003CE88 /* Resources */ = {
			isa = PBXResourcesBuildPhase;
			buildActionMask = 2147483647;
			files = (
				79A0DF302094F1070003CE88 /* MainInterface.storyboard in Resources */,
			);
			runOnlyForDeploymentPostprocessing = 0;
		};
/* End PBXResourcesBuildPhase section */

/* Begin PBXSourcesBuildPhase section */
		798B2DAC2094F08A006E37BB /* Sources */ = {
			isa = PBXSourcesBuildPhase;
			buildActionMask = 2147483647;
			files = (
				798B2DB62094F08A006E37BB /* ViewController.swift in Sources */,
				798B2DB42094F08A006E37BB /* AppDelegate.swift in Sources */,
			);
			runOnlyForDeploymentPostprocessing = 0;
		};
		79A0DF1A2094F1070003CE88 /* Sources */ = {
			isa = PBXSourcesBuildPhase;
			buildActionMask = 2147483647;
			files = (
				79A0DF212094F1070003CE88 /* IntentHandler.swift in Sources */,
			);
			runOnlyForDeploymentPostprocessing = 0;
		};
		79A0DF232094F1070003CE88 /* Sources */ = {
			isa = PBXSourcesBuildPhase;
			buildActionMask = 2147483647;
			files = (
				79A0DF2D2094F1070003CE88 /* IntentViewController.swift in Sources */,
			);
			runOnlyForDeploymentPostprocessing = 0;
		};
/* End PBXSourcesBuildPhase section */

/* Begin PBXTargetDependency section */
		79A0DF332094F1070003CE88 /* PBXTargetDependency */ = {
			isa = PBXTargetDependency;
			target = 79A0DF262094F1070003CE88 /* BookCarParkIntentUI */;
			targetProxy = 79A0DF322094F1070003CE88 /* PBXContainerItemProxy */;
		};
		79A0DF362094F1070003CE88 /* PBXTargetDependency */ = {
			isa = PBXTargetDependency;
			target = 79A0DF1D2094F1070003CE88 /* BookCarParkIntent */;
			targetProxy = 79A0DF352094F1070003CE88 /* PBXContainerItemProxy */;
		};
/* End PBXTargetDependency section */

/* Begin PBXVariantGroup section */
		798B2DB72094F08A006E37BB /* Main.storyboard */ = {
			isa = PBXVariantGroup;
			children = (
				798B2DB82094F08A006E37BB /* Base */,
			);
			name = Main.storyboard;
			sourceTree = "<group>";
		};
		798B2DBC2094F08C006E37BB /* LaunchScreen.storyboard */ = {
			isa = PBXVariantGroup;
			children = (
				798B2DBD2094F08C006E37BB /* Base */,
			);
			name = LaunchScreen.storyboard;
			sourceTree = "<group>";
		};
		79A0DF2E2094F1070003CE88 /* MainInterface.storyboard */ = {
			isa = PBXVariantGroup;
			children = (
				79A0DF2F2094F1070003CE88 /* Base */,
			);
			name = MainInterface.storyboard;
			sourceTree = "<group>";
		};
/* End PBXVariantGroup section */

/* Begin XCBuildConfiguration section */
		798B2DC02094F08C006E37BB /* Debug */ = {
			isa = XCBuildConfiguration;
			buildSettings = {
				ALWAYS_SEARCH_USER_PATHS = NO;
				CLANG_ANALYZER_NONNULL = YES;
				CLANG_ANALYZER_NUMBER_OBJECT_CONVERSION = YES_AGGRESSIVE;
				CLANG_CXX_LANGUAGE_STANDARD = "gnu++14";
				CLANG_CXX_LIBRARY = "libc++";
				CLANG_ENABLE_MODULES = YES;
				CLANG_ENABLE_OBJC_ARC = YES;
				CLANG_ENABLE_OBJC_WEAK = YES;
				CLANG_WARN_BLOCK_CAPTURE_AUTORELEASING = YES;
				CLANG_WARN_BOOL_CONVERSION = YES;
				CLANG_WARN_COMMA = YES;
				CLANG_WARN_CONSTANT_CONVERSION = YES;
				CLANG_WARN_DEPRECATED_OBJC_IMPLEMENTATIONS = YES;
				CLANG_WARN_DIRECT_OBJC_ISA_USAGE = YES_ERROR;
				CLANG_WARN_DOCUMENTATION_COMMENTS = YES;
				CLANG_WARN_EMPTY_BODY = YES;
				CLANG_WARN_ENUM_CONVERSION = YES;
				CLANG_WARN_INFINITE_RECURSION = YES;
				CLANG_WARN_INT_CONVERSION = YES;
				CLANG_WARN_NON_LITERAL_NULL_CONVERSION = YES;
				CLANG_WARN_OBJC_IMPLICIT_RETAIN_SELF = YES;
				CLANG_WARN_OBJC_LITERAL_CONVERSION = YES;
				CLANG_WARN_OBJC_ROOT_CLASS = YES_ERROR;
				CLANG_WARN_RANGE_LOOP_ANALYSIS = YES;
				CLANG_WARN_STRICT_PROTOTYPES = YES;
				CLANG_WARN_SUSPICIOUS_MOVE = YES;
				CLANG_WARN_UNGUARDED_AVAILABILITY = YES_AGGRESSIVE;
				CLANG_WARN_UNREACHABLE_CODE = YES;
				CLANG_WARN__DUPLICATE_METHOD_MATCH = YES;
				CODE_SIGN_IDENTITY = "iPhone Developer";
				COPY_PHASE_STRIP = NO;
				DEBUG_INFORMATION_FORMAT = dwarf;
				ENABLE_STRICT_OBJC_MSGSEND = YES;
				ENABLE_TESTABILITY = YES;
				GCC_C_LANGUAGE_STANDARD = gnu11;
				GCC_DYNAMIC_NO_PIC = NO;
				GCC_NO_COMMON_BLOCKS = YES;
				GCC_OPTIMIZATION_LEVEL = 0;
				GCC_PREPROCESSOR_DEFINITIONS = (
					"DEBUG=1",
					"$(inherited)",
				);
				GCC_WARN_64_TO_32_BIT_CONVERSION = YES;
				GCC_WARN_ABOUT_RETURN_TYPE = YES_ERROR;
				GCC_WARN_UNDECLARED_SELECTOR = YES;
				GCC_WARN_UNINITIALIZED_AUTOS = YES_AGGRESSIVE;
				GCC_WARN_UNUSED_FUNCTION = YES;
				GCC_WARN_UNUSED_VARIABLE = YES;
				IPHONEOS_DEPLOYMENT_TARGET = 11.3;
				MTL_ENABLE_DEBUG_INFO = YES;
				ONLY_ACTIVE_ARCH = YES;
				SDKROOT = iphoneos;
				SWIFT_ACTIVE_COMPILATION_CONDITIONS = DEBUG;
				SWIFT_OPTIMIZATION_LEVEL = "-Onone";
			};
			name = Debug;
		};
		798B2DC12094F08C006E37BB /* Release */ = {
			isa = XCBuildConfiguration;
			buildSettings = {
				ALWAYS_SEARCH_USER_PATHS = NO;
				CLANG_ANALYZER_NONNULL = YES;
				CLANG_ANALYZER_NUMBER_OBJECT_CONVERSION = YES_AGGRESSIVE;
				CLANG_CXX_LANGUAGE_STANDARD = "gnu++14";
				CLANG_CXX_LIBRARY = "libc++";
				CLANG_ENABLE_MODULES = YES;
				CLANG_ENABLE_OBJC_ARC = YES;
				CLANG_ENABLE_OBJC_WEAK = YES;
				CLANG_WARN_BLOCK_CAPTURE_AUTORELEASING = YES;
				CLANG_WARN_BOOL_CONVERSION = YES;
				CLANG_WARN_COMMA = YES;
				CLANG_WARN_CONSTANT_CONVERSION = YES;
				CLANG_WARN_DEPRECATED_OBJC_IMPLEMENTATIONS = YES;
				CLANG_WARN_DIRECT_OBJC_ISA_USAGE = YES_ERROR;
				CLANG_WARN_DOCUMENTATION_COMMENTS = YES;
				CLANG_WARN_EMPTY_BODY = YES;
				CLANG_WARN_ENUM_CONVERSION = YES;
				CLANG_WARN_INFINITE_RECURSION = YES;
				CLANG_WARN_INT_CONVERSION = YES;
				CLANG_WARN_NON_LITERAL_NULL_CONVERSION = YES;
				CLANG_WARN_OBJC_IMPLICIT_RETAIN_SELF = YES;
				CLANG_WARN_OBJC_LITERAL_CONVERSION = YES;
				CLANG_WARN_OBJC_ROOT_CLASS = YES_ERROR;
				CLANG_WARN_RANGE_LOOP_ANALYSIS = YES;
				CLANG_WARN_STRICT_PROTOTYPES = YES;
				CLANG_WARN_SUSPICIOUS_MOVE = YES;
				CLANG_WARN_UNGUARDED_AVAILABILITY = YES_AGGRESSIVE;
				CLANG_WARN_UNREACHABLE_CODE = YES;
				CLANG_WARN__DUPLICATE_METHOD_MATCH = YES;
				CODE_SIGN_IDENTITY = "iPhone Developer";
				COPY_PHASE_STRIP = NO;
				DEBUG_INFORMATION_FORMAT = "dwarf-with-dsym";
				ENABLE_NS_ASSERTIONS = NO;
				ENABLE_STRICT_OBJC_MSGSEND = YES;
				GCC_C_LANGUAGE_STANDARD = gnu11;
				GCC_NO_COMMON_BLOCKS = YES;
				GCC_WARN_64_TO_32_BIT_CONVERSION = YES;
				GCC_WARN_ABOUT_RETURN_TYPE = YES_ERROR;
				GCC_WARN_UNDECLARED_SELECTOR = YES;
				GCC_WARN_UNINITIALIZED_AUTOS = YES_AGGRESSIVE;
				GCC_WARN_UNUSED_FUNCTION = YES;
				GCC_WARN_UNUSED_VARIABLE = YES;
				IPHONEOS_DEPLOYMENT_TARGET = 11.3;
				MTL_ENABLE_DEBUG_INFO = NO;
				SDKROOT = iphoneos;
				SWIFT_COMPILATION_MODE = wholemodule;
				SWIFT_OPTIMIZATION_LEVEL = "-O";
				VALIDATE_PRODUCT = YES;
			};
			name = Release;
		};
		798B2DC32094F08C006E37BB /* Debug */ = {
			isa = XCBuildConfiguration;
			buildSettings = {
				ALWAYS_EMBED_SWIFT_STANDARD_LIBRARIES = YES;
				ASSETCATALOG_COMPILER_APPICON_NAME = AppIcon;
				CODE_SIGN_STYLE = Automatic;
				DEVELOPMENT_TEAM = KC873TY43M;
				INFOPLIST_FILE = Owl/Info.plist;
				LD_RUNPATH_SEARCH_PATHS = (
					"$(inherited)",
					"@executable_path/Frameworks",
				);
				PRODUCT_BUNDLE_IDENTIFIER = com.aluxian.Owl;
				PRODUCT_NAME = "$(TARGET_NAME)";
				SWIFT_VERSION = 4.0;
				TARGETED_DEVICE_FAMILY = "1,2";
			};
			name = Debug;
		};
		798B2DC42094F08C006E37BB /* Release */ = {
			isa = XCBuildConfiguration;
			buildSettings = {
				ALWAYS_EMBED_SWIFT_STANDARD_LIBRARIES = YES;
				ASSETCATALOG_COMPILER_APPICON_NAME = AppIcon;
				CODE_SIGN_STYLE = Automatic;
				DEVELOPMENT_TEAM = KC873TY43M;
				INFOPLIST_FILE = Owl/Info.plist;
				LD_RUNPATH_SEARCH_PATHS = (
					"$(inherited)",
					"@executable_path/Frameworks",
				);
				PRODUCT_BUNDLE_IDENTIFIER = com.aluxian.Owl;
				PRODUCT_NAME = "$(TARGET_NAME)";
				SWIFT_VERSION = 4.0;
				TARGETED_DEVICE_FAMILY = "1,2";
			};
			name = Release;
		};
		79A0DF392094F1070003CE88 /* Debug */ = {
			isa = XCBuildConfiguration;
			buildSettings = {
				CODE_SIGN_STYLE = Automatic;
				DEVELOPMENT_TEAM = KC873TY43M;
				INFOPLIST_FILE = BookCarParkIntentUI/Info.plist;
				LD_RUNPATH_SEARCH_PATHS = (
					"$(inherited)",
					"@executable_path/Frameworks",
					"@executable_path/../../Frameworks",
				);
				PRODUCT_BUNDLE_IDENTIFIER = com.aluxian.Owl.BookCarParkIntentUI;
				PRODUCT_NAME = "$(TARGET_NAME)";
				SKIP_INSTALL = YES;
				SWIFT_VERSION = 4.0;
				TARGETED_DEVICE_FAMILY = "1,2";
			};
			name = Debug;
		};
		79A0DF3A2094F1070003CE88 /* Release */ = {
			isa = XCBuildConfiguration;
			buildSettings = {
				CODE_SIGN_STYLE = Automatic;
				DEVELOPMENT_TEAM = KC873TY43M;
				INFOPLIST_FILE = BookCarParkIntentUI/Info.plist;
				LD_RUNPATH_SEARCH_PATHS = (
					"$(inherited)",
					"@executable_path/Frameworks",
					"@executable_path/../../Frameworks",
				);
				PRODUCT_BUNDLE_IDENTIFIER = com.aluxian.Owl.BookCarParkIntentUI;
				PRODUCT_NAME = "$(TARGET_NAME)";
				SKIP_INSTALL = YES;
				SWIFT_VERSION = 4.0;
				TARGETED_DEVICE_FAMILY = "1,2";
			};
			name = Release;
		};
		79A0DF3C2094F1070003CE88 /* Debug */ = {
			isa = XCBuildConfiguration;
			buildSettings = {
				CODE_SIGN_STYLE = Automatic;
				DEVELOPMENT_TEAM = KC873TY43M;
				INFOPLIST_FILE = BookCarParkIntent/Info.plist;
				LD_RUNPATH_SEARCH_PATHS = (
					"$(inherited)",
					"@executable_path/Frameworks",
					"@executable_path/../../Frameworks",
				);
				PRODUCT_BUNDLE_IDENTIFIER = com.aluxian.Owl.BookCarParkIntent;
				PRODUCT_NAME = "$(TARGET_NAME)";
				SKIP_INSTALL = YES;
				SWIFT_VERSION = 4.0;
				TARGETED_DEVICE_FAMILY = "1,2";
			};
			name = Debug;
		};
		79A0DF3D2094F1070003CE88 /* Release */ = {
			isa = XCBuildConfiguration;
			buildSettings = {
				CODE_SIGN_STYLE = Automatic;
				DEVELOPMENT_TEAM = KC873TY43M;
				INFOPLIST_FILE = BookCarParkIntent/Info.plist;
				LD_RUNPATH_SEARCH_PATHS = (
					"$(inherited)",
					"@executable_path/Frameworks",
					"@executable_path/../../Frameworks",
				);
				PRODUCT_BUNDLE_IDENTIFIER = com.aluxian.Owl.BookCarParkIntent;
				PRODUCT_NAME = "$(TARGET_NAME)";
				SKIP_INSTALL = YES;
				SWIFT_VERSION = 4.0;
				TARGETED_DEVICE_FAMILY = "1,2";
			};
			name = Release;
		};
/* End XCBuildConfiguration section */

/* Begin XCConfigurationList section */
		798B2DAB2094F08A006E37BB /* Build configuration list for PBXProject "Owl" */ = {
			isa = XCConfigurationList;
			buildConfigurations = (
				798B2DC02094F08C006E37BB /* Debug */,
				798B2DC12094F08C006E37BB /* Release */,
			);
			defaultConfigurationIsVisible = 0;
			defaultConfigurationName = Release;
		};
		798B2DC22094F08C006E37BB /* Build configuration list for PBXNativeTarget "Owl" */ = {
			isa = XCConfigurationList;
			buildConfigurations = (
				798B2DC32094F08C006E37BB /* Debug */,
				798B2DC42094F08C006E37BB /* Release */,
			);
			defaultConfigurationIsVisible = 0;
			defaultConfigurationName = Release;
		};
		79A0DF382094F1070003CE88 /* Build configuration list for PBXNativeTarget "BookCarParkIntentUI" */ = {
			isa = XCConfigurationList;
			buildConfigurations = (
				79A0DF392094F1070003CE88 /* Debug */,
				79A0DF3A2094F1070003CE88 /* Release */,
			);
			defaultConfigurationIsVisible = 0;
			defaultConfigurationName = Release;
		};
		79A0DF3B2094F1070003CE88 /* Build configuration list for PBXNativeTarget "BookCarParkIntent" */ = {
			isa = XCConfigurationList;
			buildConfigurations = (
				79A0DF3C2094F1070003CE88 /* Debug */,
				79A0DF3D2094F1070003CE88 /* Release */,
			);
			defaultConfigurationIsVisible = 0;
			defaultConfigurationName = Release;
		};
/* End XCConfigurationList section */
	};
	rootObject = 798B2DA82094F08A006E37BB /* Project object */;
}
